
Microsoft Visual Studio Solution File, Format Version 12.00
# Visual Studio Version 17
VisualStudioVersion = 17.8.34330.188
MinimumVisualStudioVersion = 10.0.40219.1
Project("{9A19103F-16F7-4668-BE54-9A1E7A4F7556}") = "OAuth2_CoreMVC_Sample", "OAuth2_CoreMVC_Sample.csproj", "{BC9C8934-74FE-4BC8-AAD3-B78B308E77BE}"
EndProject
Global
	GlobalSection(SolutionConfigurationPlatforms) = preSolution
		Debug|Any CPU = Debug|Any CPU
		Release|Any CPU = Release|Any CPU
	EndGlobalSection
	GlobalSection(ProjectConfigurationPlatforms) = postSolution
		{BC9C8934-74FE-4BC8-AAD3-B78B308E77BE}.Debug|Any CPU.ActiveCfg = Debug|Any CPU
		{BC9C8934-74FE-4BC8-AAD3-B78B308E77BE}.Debug|Any CPU.Build.0 = Debug|Any CPU
		{BC9C8934-74FE-4BC8-AAD3-B78B308E77BE}.Release|Any CPU.ActiveCfg = Release|Any CPU
		{BC9C8934-74FE-4BC8-AAD3-B78B308E77BE}.Release|Any CPU.Build.0 = Release|Any CPU
	EndGlobalSection
	GlobalSection(SolutionProperties) = preSolution
		HideSolutionNode = FALSE
	EndGlobalSection
	GlobalSection(ExtensibilityGlobals) = postSolution
		SolutionGuid = {DFC27772-CE65-442A-AD31-137194EE8C86}
	EndGlobalSection
EndGlobal
